
Microsoft Visual Studio Solution File, Format Version 10.00
# Visual C++ Express 2008
Project("{8BC9CEB8-8B4A-11D0-8D11-00A0C91BC942}") = "BtrieveFileSaver", "BtrieveFileSaver.vcproj", "{888CE27D-F046-4574-9167-DF252BF05075}"
EndProject
Global
	GlobalSection(SolutionConfigurationPlatforms) = preSolution
		Debug|Win32 = Debug|Win32
		Release|Win32 = Release|Win32
	EndGlobalSection
	GlobalSection(ProjectConfigurationPlatforms) = postSolution
		{888CE27D-F046-4574-9167-DF252BF05075}.Debug|Win32.ActiveCfg = Debug|Win32
		{888CE27D-F046-4574-9167-DF252BF05075}.Debug|Win32.Build.0 = Debug|Win32
		{888CE27D-F046-4574-9167-DF252BF05075}.Release|Win32.ActiveCfg = Release|Win32
		{888CE27D-F046-4574-9167-DF252BF05075}.Release|Win32.Build.0 = Release|Win32
	EndGlobalSection
	GlobalSection(SolutionProperties) = preSolution
		HideSolutionNode = FALSE
	EndGlobalSection
EndGlobal
